
Microsoft Visual Studio Solution File, Format Version 12.00
# Visual Studio Version 16
VisualStudioVersion = 16.0.31025.194
MinimumVisualStudioVersion = 10.0.40219.1
Project("{FAE04EC0-301F-11D3-BF4B-00C04F79EFBC}") = "Pro_schedule", "Pro_schedule\Pro_schedule.csproj", "{47CE1A02-1147-4C44-B1D9-D2E3A3EC826D}"
EndProject
Global
	GlobalSection(SolutionConfigurationPlatforms) = preSolution
		Debug|Any CPU = Debug|Any CPU
		Release|Any CPU = Release|Any CPU
	EndGlobalSection
	GlobalSection(ProjectConfigurationPlatforms) = postSolution
		{47CE1A02-1147-4C44-B1D9-D2E3A3EC826D}.Debug|Any CPU.ActiveCfg = Debug|Any CPU
		{47CE1A02-1147-4C44-B1D9-D2E3A3EC826D}.Debug|Any CPU.Build.0 = Debug|Any CPU
		{47CE1A02-1147-4C44-B1D9-D2E3A3EC826D}.Release|Any CPU.ActiveCfg = Release|Any CPU
		{47CE1A02-1147-4C44-B1D9-D2E3A3EC826D}.Release|Any CPU.Build.0 = Release|Any CPU
	EndGlobalSection
	GlobalSection(SolutionProperties) = preSolution
		HideSolutionNode = FALSE
	EndGlobalSection
	GlobalSection(ExtensibilityGlobals) = postSolution
		SolutionGuid = {3B0736C0-9D61-4A90-9612-3E476993FE33}
	EndGlobalSection
EndGlobal
